
Microsoft Visual Studio Solution File, Format Version 12.00
# Visual Studio 15
VisualStudioVersion = 15.0.27004.2008
MinimumVisualStudioVersion = 10.0.40219.1
Project("{FAE04EC0-301F-11D3-BF4B-00C04F79EFBC}") = "NewSuperMarioBrosSaveEditor", "NewSuperMarioBrosSaveEditor\NewSuperMarioBrosSaveEditor.csproj", "{67A3C74A-6C6C-4EF6-88C0-A34CDE80339F}"
EndProject
Global
	GlobalSection(SolutionConfigurationPlatforms) = preSolution
		Debug|Any CPU = Debug|Any CPU
		Release|Any CPU = Release|Any CPU
	EndGlobalSection
	GlobalSection(ProjectConfigurationPlatforms) = postSolution
		{67A3C74A-6C6C-4EF6-88C0-A34CDE80339F}.Debug|Any CPU.ActiveCfg = Debug|Any CPU
		{67A3C74A-6C6C-4EF6-88C0-A34CDE80339F}.Debug|Any CPU.Build.0 = Debug|Any CPU
		{67A3C74A-6C6C-4EF6-88C0-A34CDE80339F}.Release|Any CPU.ActiveCfg = Release|Any CPU
		{67A3C74A-6C6C-4EF6-88C0-A34CDE80339F}.Release|Any CPU.Build.0 = Release|Any CPU
	EndGlobalSection
	GlobalSection(SolutionProperties) = preSolution
		HideSolutionNode = FALSE
	EndGlobalSection
	GlobalSection(ExtensibilityGlobals) = postSolution
		SolutionGuid = {B966341C-2C9D-4716-AAFE-A68820B3B583}
	EndGlobalSection
EndGlobal
